
Microsoft Visual Studio Solution File, Format Version 12.00
# Visual Studio 2013
VisualStudioVersion = 12.0.30324.0
MinimumVisualStudioVersion = 10.0.40219.1
Project("{9092AA53-FB77-4645-B42D-1CCCA6BD08BD}") = "Socket.io.Chat", "Socket.io.Chat\Socket.io.Chat.njsproj", "{927D1AD4-1FA8-4CC9-8FE5-53E9098B109F}"
EndProject
Global
	GlobalSection(SolutionConfigurationPlatforms) = preSolution
		Debug|Any CPU = Debug|Any CPU
		Release|Any CPU = Release|Any CPU
	EndGlobalSection
	GlobalSection(ProjectConfigurationPlatforms) = postSolution
		{927D1AD4-1FA8-4CC9-8FE5-53E9098B109F}.Debug|Any CPU.ActiveCfg = Debug|Any CPU
		{927D1AD4-1FA8-4CC9-8FE5-53E9098B109F}.Debug|Any CPU.Build.0 = Debug|Any CPU
		{927D1AD4-1FA8-4CC9-8FE5-53E9098B109F}.Release|Any CPU.ActiveCfg = Release|Any CPU
		{927D1AD4-1FA8-4CC9-8FE5-53E9098B109F}.Release|Any CPU.Build.0 = Release|Any CPU
	EndGlobalSection
	GlobalSection(SolutionProperties) = preSolution
		HideSolutionNode = FALSE
	EndGlobalSection
EndGlobal
